// !$*UTF8*$!
{
	archiveVersion = 1;
	classes = {
	};
	objectVersion = 50;
	objects = {

/* Begin PBXBuildFile section */
		A2EDF48F26A9C4F5001853A0 /* AppDelegate.swift in Sources */ = {isa = PBXBuildFile; fileRef = A2EDF48E26A9C4F5001853A0 /* AppDelegate.swift */; };
		A2EDF49126A9C4F5001853A0 /* SceneDelegate.swift in Sources */ = {isa = PBXBuildFile; fileRef = A2EDF49026A9C4F5001853A0 /* SceneDelegate.swift */; };
		A2EDF49326A9C4F5001853A0 /* ViewController.swift in Sources */ = {isa = PBXBuildFile; fileRef = A2EDF49226A9C4F5001853A0 /* ViewController.swift */; };
		A2EDF49626A9C4F5001853A0 /* Main.storyboard in Resources */ = {isa = PBXBuildFile; fileRef = A2EDF49426A9C4F5001853A0 /* Main.storyboard */; };
		A2EDF49926A9C4F5001853A0 /* esteeLauderChallenge.xcdatamodeld in Sources */ = {isa = PBXBuildFile; fileRef = A2EDF49726A9C4F5001853A0 /* esteeLauderChallenge.xcdatamodeld */; };
		A2EDF49B26A9C4FA001853A0 /* Assets.xcassets in Resources */ = {isa = PBXBuildFile; fileRef = A2EDF49A26A9C4FA001853A0 /* Assets.xcassets */; };
		A2EDF49E26A9C4FA001853A0 /* LaunchScreen.storyboard in Resources */ = {isa = PBXBuildFile; fileRef = A2EDF49C26A9C4FA001853A0 /* LaunchScreen.storyboard */; };
		A2EDF4A926A9C4FA001853A0 /* esteeLauderChallengeTests.swift in Sources */ = {isa = PBXBuildFile; fileRef = A2EDF4A826A9C4FA001853A0 /* esteeLauderChallengeTests.swift */; };
		A2EDF4B426A9C4FB001853A0 /* esteeLauderChallengeUITests.swift in Sources */ = {isa = PBXBuildFile; fileRef = A2EDF4B326A9C4FB001853A0 /* esteeLauderChallengeUITests.swift */; };
		A2EDF4C226A9DC82001853A0 /* photoViewController.swift in Sources */ = {isa = PBXBuildFile; fileRef = A2EDF4C126A9DC81001853A0 /* photoViewController.swift */; };
/* End PBXBuildFile section */

/* Begin PBXContainerItemProxy section */
		A2EDF4A526A9C4FA001853A0 /* PBXContainerItemProxy */ = {
			isa = PBXContainerItemProxy;
			containerPortal = A2EDF48326A9C4F5001853A0 /* Project object */;
			proxyType = 1;
			remoteGlobalIDString = A2EDF48A26A9C4F5001853A0;
			remoteInfo = esteeLauderChallenge;
		};
		A2EDF4B026A9C4FA001853A0 /* PBXContainerItemProxy */ = {
			isa = PBXContainerItemProxy;
			containerPortal = A2EDF48326A9C4F5001853A0 /* Project object */;
			proxyType = 1;
			remoteGlobalIDString = A2EDF48A26A9C4F5001853A0;
			remoteInfo = esteeLauderChallenge;
		};
/* End PBXContainerItemProxy section */

/* Begin PBXFileReference section */
		A2EDF48B26A9C4F5001853A0 /* esteeLauderChallenge.app */ = {isa = PBXFileReference; explicitFileType = wrapper.application; includeInIndex = 0; path = esteeLauderChallenge.app; sourceTree = BUILT_PRODUCTS_DIR; };
		A2EDF48E26A9C4F5001853A0 /* AppDelegate.swift */ = {isa = PBXFileReference; lastKnownFileType = sourcecode.swift; path = AppDelegate.swift; sourceTree = "<group>"; };
		A2EDF49026A9C4F5001853A0 /* SceneDelegate.swift */ = {isa = PBXFileReference; lastKnownFileType = sourcecode.swift; path = SceneDelegate.swift; sourceTree = "<group>"; };
		A2EDF49226A9C4F5001853A0 /* ViewController.swift */ = {isa = PBXFileReference; lastKnownFileType = sourcecode.swift; path = ViewController.swift; sourceTree = "<group>"; };
		A2EDF49526A9C4F5001853A0 /* Base */ = {isa = PBXFileReference; lastKnownFileType = file.storyboard; name = Base; path = Base.lproj/Main.storyboard; sourceTree = "<group>"; };
		A2EDF49826A9C4F5001853A0 /* esteeLauderChallenge.xcdatamodel */ = {isa = PBXFileReference; lastKnownFileType = wrapper.xcdatamodel; path = esteeLauderChallenge.xcdatamodel; sourceTree = "<group>"; };
		A2EDF49A26A9C4FA001853A0 /* Assets.xcassets */ = {isa = PBXFileReference; lastKnownFileType = folder.assetcatalog; path = Assets.xcassets; sourceTree = "<group>"; };
		A2EDF49D26A9C4FA001853A0 /* Base */ = {isa = PBXFileReference; lastKnownFileType = file.storyboard; name = Base; path = Base.lproj/LaunchScreen.storyboard; sourceTree = "<group>"; };
		A2EDF49F26A9C4FA001853A0 /* Info.plist */ = {isa = PBXFileReference; lastKnownFileType = text.plist.xml; path = Info.plist; sourceTree = "<group>"; };
		A2EDF4A426A9C4FA001853A0 /* esteeLauderChallengeTests.xctest */ = {isa = PBXFileReference; explicitFileType = wrapper.cfbundle; includeInIndex = 0; path = esteeLauderChallengeTests.xctest; sourceTree = BUILT_PRODUCTS_DIR; };
		A2EDF4A826A9C4FA001853A0 /* esteeLauderChallengeTests.swift */ = {isa = PBXFileReference; lastKnownFileType = sourcecode.swift; path = esteeLauderChallengeTests.swift; sourceTree = "<group>"; };
		A2EDF4AA26A9C4FA001853A0 /* Info.plist */ = {isa = PBXFileReference; lastKnownFileType = text.plist.xml; path = Info.plist; sourceTree = "<group>"; };
		A2EDF4AF26A9C4FA001853A0 /* esteeLauderChallengeUITests.xctest */ = {isa = PBXFileReference; explicitFileType = wrapper.cfbundle; includeInIndex = 0; path = esteeLauderChallengeUITests.xctest; sourceTree = BUILT_PRODUCTS_DIR; };
		A2EDF4B326A9C4FB001853A0 /* esteeLauderChallengeUITests.swift */ = {isa = PBXFileReference; lastKnownFileType = sourcecode.swift; path = esteeLauderChallengeUITests.swift; sourceTree = "<group>"; };
		A2EDF4B526A9C4FB001853A0 /* Info.plist */ = {isa = PBXFileReference; lastKnownFileType = text.plist.xml; path = Info.plist; sourceTree = "<group>"; };
		A2EDF4C126A9DC81001853A0 /* photoViewController.swift */ = {isa = PBXFileReference; lastKnownFileType = sourcecode.swift; path = photoViewController.swift; sourceTree = SOURCE_ROOT; };
/* End PBXFileReference section */

/* Begin PBXFrameworksBuildPhase section */
		A2EDF48826A9C4F5001853A0 /* Frameworks */ = {
			isa = PBXFrameworksBuildPhase;
			buildActionMask = 2147483647;
			files = (
			);
			runOnlyForDeploymentPostprocessing = 0;
		};
		A2EDF4A126A9C4FA001853A0 /* Frameworks */ = {
			isa = PBXFrameworksBuildPhase;
			buildActionMask = 2147483647;
			files = (
			);
			runOnlyForDeploymentPostprocessing = 0;
		};
		A2EDF4AC26A9C4FA001853A0 /* Frameworks */ = {
			isa = PBXFrameworksBuildPhase;
			buildActionMask = 2147483647;
			files = (
			);
			runOnlyForDeploymentPostprocessing = 0;
		};
/* End PBXFrameworksBuildPhase section */

/* Begin PBXGroup section */
		A2EDF48226A9C4F5001853A0 = {
			isa = PBXGroup;
			children = (
				A2EDF48D26A9C4F5001853A0 /* esteeLauderChallenge */,
				A2EDF4A726A9C4FA001853A0 /* esteeLauderChallengeTests */,
				A2EDF4B226A9C4FA001853A0 /* esteeLauderChallengeUITests */,
				A2EDF48C26A9C4F5001853A0 /* Products */,
			);
			sourceTree = "<group>";
		};
		A2EDF48C26A9C4F5001853A0 /* Products */ = {
			isa = PBXGroup;
			children = (
				A2EDF48B26A9C4F5001853A0 /* esteeLauderChallenge.app */,
				A2EDF4A426A9C4FA001853A0 /* esteeLauderChallengeTests.xctest */,
				A2EDF4AF26A9C4FA001853A0 /* esteeLauderChallengeUITests.xctest */,
			);
			name = Products;
			sourceTree = "<group>";
		};
		A2EDF48D26A9C4F5001853A0 /* esteeLauderChallenge */ = {
			isa = PBXGroup;
			children = (
				A2EDF48E26A9C4F5001853A0 /* AppDelegate.swift */,
				A2EDF49026A9C4F5001853A0 /* SceneDelegate.swift */,
				A2EDF49226A9C4F5001853A0 /* ViewController.swift */,
				A2EDF4C126A9DC81001853A0 /* photoViewController.swift */,
				A2EDF49426A9C4F5001853A0 /* Main.storyboard */,
				A2EDF49A26A9C4FA001853A0 /* Assets.xcassets */,
				A2EDF49C26A9C4FA001853A0 /* LaunchScreen.storyboard */,
				A2EDF49F26A9C4FA001853A0 /* Info.plist */,
				A2EDF49726A9C4F5001853A0 /* esteeLauderChallenge.xcdatamodeld */,
			);
			path = esteeLauderChallenge;
			sourceTree = "<group>";
		};
		A2EDF4A726A9C4FA001853A0 /* esteeLauderChallengeTests */ = {
			isa = PBXGroup;
			children = (
				A2EDF4A826A9C4FA001853A0 /* esteeLauderChallengeTests.swift */,
				A2EDF4AA26A9C4FA001853A0 /* Info.plist */,
			);
			path = esteeLauderChallengeTests;
			sourceTree = "<group>";
		};
		A2EDF4B226A9C4FA001853A0 /* esteeLauderChallengeUITests */ = {
			isa = PBXGroup;
			children = (
				A2EDF4B326A9C4FB001853A0 /* esteeLauderChallengeUITests.swift */,
				A2EDF4B526A9C4FB001853A0 /* Info.plist */,
			);
			path = esteeLauderChallengeUITests;
			sourceTree = "<group>";
		};
/* End PBXGroup section */

/* Begin PBXNativeTarget section */
		A2EDF48A26A9C4F5001853A0 /* esteeLauderChallenge */ = {
			isa = PBXNativeTarget;
			buildConfigurationList = A2EDF4B826A9C4FB001853A0 /* Build configuration list for PBXNativeTarget "esteeLauderChallenge" */;
			buildPhases = (
				A2EDF48726A9C4F5001853A0 /* Sources */,
				A2EDF48826A9C4F5001853A0 /* Frameworks */,
				A2EDF48926A9C4F5001853A0 /* Resources */,
			);
			buildRules = (
			);
			dependencies = (
			);
			name = esteeLauderChallenge;
			productName = esteeLauderChallenge;
			productReference = A2EDF48B26A9C4F5001853A0 /* esteeLauderChallenge.app */;
			productType = "com.apple.product-type.application";
		};
		A2EDF4A326A9C4FA001853A0 /* esteeLauderChallengeTests */ = {
			isa = PBXNativeTarget;
			buildConfigurationList = A2EDF4BB26A9C4FB001853A0 /* Build configuration list for PBXNativeTarget "esteeLauderChallengeTests" */;
			buildPhases = (
				A2EDF4A026A9C4FA001853A0 /* Sources */,
				A2EDF4A126A9C4FA001853A0 /* Frameworks */,
				A2EDF4A226A9C4FA001853A0 /* Resources */,
			);
			buildRules = (
			);
			dependencies = (
				A2EDF4A626A9C4FA001853A0 /* PBXTargetDependency */,
			);
			name = esteeLauderChallengeTests;
			productName = esteeLauderChallengeTests;
			productReference = A2EDF4A426A9C4FA001853A0 /* esteeLauderChallengeTests.xctest */;
			productType = "com.apple.product-type.bundle.unit-test";
		};
		A2EDF4AE26A9C4FA001853A0 /* esteeLauderChallengeUITests */ = {
			isa = PBXNativeTarget;
			buildConfigurationList = A2EDF4BE26A9C4FB001853A0 /* Build configuration list for PBXNativeTarget "esteeLauderChallengeUITests" */;
			buildPhases = (
				A2EDF4AB26A9C4FA001853A0 /* Sources */,
				A2EDF4AC26A9C4FA001853A0 /* Frameworks */,
				A2EDF4AD26A9C4FA001853A0 /* Resources */,
			);
			buildRules = (
			);
			dependencies = (
				A2EDF4B126A9C4FA001853A0 /* PBXTargetDependency */,
			);
			name = esteeLauderChallengeUITests;
			productName = esteeLauderChallengeUITests;
			productReference = A2EDF4AF26A9C4FA001853A0 /* esteeLauderChallengeUITests.xctest */;
			productType = "com.apple.product-type.bundle.ui-testing";
		};
/* End PBXNativeTarget section */

/* Begin PBXProject section */
		A2EDF48326A9C4F5001853A0 /* Project object */ = {
			isa = PBXProject;
			attributes = {
				LastSwiftUpdateCheck = 1250;
				LastUpgradeCheck = 1250;
				TargetAttributes = {
					A2EDF48A26A9C4F5001853A0 = {
						CreatedOnToolsVersion = 12.5.1;
					};
					A2EDF4A326A9C4FA001853A0 = {
						CreatedOnToolsVersion = 12.5.1;
						TestTargetID = A2EDF48A26A9C4F5001853A0;
					};
					A2EDF4AE26A9C4FA001853A0 = {
						CreatedOnToolsVersion = 12.5.1;
						TestTargetID = A2EDF48A26A9C4F5001853A0;
					};
				};
			};
			buildConfigurationList = A2EDF48626A9C4F5001853A0 /* Build configuration list for PBXProject "esteeLauderChallenge" */;
			compatibilityVersion = "Xcode 9.3";
			developmentRegion = en;
			hasScannedForEncodings = 0;
			knownRegions = (
				en,
				Base,
			);
			mainGroup = A2EDF48226A9C4F5001853A0;
			productRefGroup = A2EDF48C26A9C4F5001853A0 /* Products */;
			projectDirPath = "";
			projectRoot = "";
			targets = (
				A2EDF48A26A9C4F5001853A0 /* esteeLauderChallenge */,
				A2EDF4A326A9C4FA001853A0 /* esteeLauderChallengeTests */,
				A2EDF4AE26A9C4FA001853A0 /* esteeLauderChallengeUITests */,
			);
		};
/* End PBXProject section */

/* Begin PBXResourcesBuildPhase section */
		A2EDF48926A9C4F5001853A0 /* Resources */ = {
			isa = PBXResourcesBuildPhase;
			buildActionMask = 2147483647;
			files = (
				A2EDF49E26A9C4FA001853A0 /* LaunchScreen.storyboard in Resources */,
				A2EDF49B26A9C4FA001853A0 /* Assets.xcassets in Resources */,
				A2EDF49626A9C4F5001853A0 /* Main.storyboard in Resources */,
			);
			runOnlyForDeploymentPostprocessing = 0;
		};
		A2EDF4A226A9C4FA001853A0 /* Resources */ = {
			isa = PBXResourcesBuildPhase;
			buildActionMask = 2147483647;
			files = (
			);
			runOnlyForDeploymentPostprocessing = 0;
		};
		A2EDF4AD26A9C4FA001853A0 /* Resources */ = {
			isa = PBXResourcesBuildPhase;
			buildActionMask = 2147483647;
			files = (
			);
			runOnlyForDeploymentPostprocessing = 0;
		};
/* End PBXResourcesBuildPhase section */

/* Begin PBXSourcesBuildPhase section */
		A2EDF48726A9C4F5001853A0 /* Sources */ = {
			isa = PBXSourcesBuildPhase;
			buildActionMask = 2147483647;
			files = (
				A2EDF4C226A9DC82001853A0 /* photoViewController.swift in Sources */,
				A2EDF49326A9C4F5001853A0 /* ViewController.swift in Sources */,
				A2EDF49926A9C4F5001853A0 /* esteeLauderChallenge.xcdatamodeld in Sources */,
				A2EDF48F26A9C4F5001853A0 /* AppDelegate.swift in Sources */,
				A2EDF49126A9C4F5001853A0 /* SceneDelegate.swift in Sources */,
			);
			runOnlyForDeploymentPostprocessing = 0;
		};
		A2EDF4A026A9C4FA001853A0 /* Sources */ = {
			isa = PBXSourcesBuildPhase;
			buildActionMask = 2147483647;
			files = (
				A2EDF4A926A9C4FA001853A0 /* esteeLauderChallengeTests.swift in Sources */,
			);
			runOnlyForDeploymentPostprocessing = 0;
		};
		A2EDF4AB26A9C4FA001853A0 /* Sources */ = {
			isa = PBXSourcesBuildPhase;
			buildActionMask = 2147483647;
			files = (
				A2EDF4B426A9C4FB001853A0 /* esteeLauderChallengeUITests.swift in Sources */,
			);
			runOnlyForDeploymentPostprocessing = 0;
		};
/* End PBXSourcesBuildPhase section */

/* Begin PBXTargetDependency section */
		A2EDF4A626A9C4FA001853A0 /* PBXTargetDependency */ = {
			isa = PBXTargetDependency;
			target = A2EDF48A26A9C4F5001853A0 /* esteeLauderChallenge */;
			targetProxy = A2EDF4A526A9C4FA001853A0 /* PBXContainerItemProxy */;
		};
		A2EDF4B126A9C4FA001853A0 /* PBXTargetDependency */ = {
			isa = PBXTargetDependency;
			target = A2EDF48A26A9C4F5001853A0 /* esteeLauderChallenge */;
			targetProxy = A2EDF4B026A9C4FA001853A0 /* PBXContainerItemProxy */;
		};
/* End PBXTargetDependency section */

/* Begin PBXVariantGroup section */
		A2EDF49426A9C4F5001853A0 /* Main.storyboard */ = {
			isa = PBXVariantGroup;
			children = (
				A2EDF49526A9C4F5001853A0 /* Base */,
			);
			name = Main.storyboard;
			sourceTree = "<group>";
		};
		A2EDF49C26A9C4FA001853A0 /* LaunchScreen.storyboard */ = {
			isa = PBXVariantGroup;
			children = (
				A2EDF49D26A9C4FA001853A0 /* Base */,
			);
			name = LaunchScreen.storyboard;
			sourceTree = "<group>";
		};
/* End PBXVariantGroup section */

/* Begin XCBuildConfiguration section */
		A2EDF4B626A9C4FB001853A0 /* Debug */ = {
			isa = XCBuildConfiguration;
			buildSettings = {
				ALWAYS_SEARCH_USER_PATHS = NO;
				CLANG_ANALYZER_NONNULL = YES;
				CLANG_ANALYZER_NUMBER_OBJECT_CONVERSION = YES_AGGRESSIVE;
				CLANG_CXX_LANGUAGE_STANDARD = "gnu++14";
				CLANG_CXX_LIBRARY = "libc++";
				CLANG_ENABLE_MODULES = YES;
				CLANG_ENABLE_OBJC_ARC = YES;
				CLANG_ENABLE_OBJC_WEAK = YES;
				CLANG_WARN_BLOCK_CAPTURE_AUTORELEASING = YES;
				CLANG_WARN_BOOL_CONVERSION = YES;
				CLANG_WARN_COMMA = YES;
				CLANG_WARN_CONSTANT_CONVERSION = YES;
				CLANG_WARN_DEPRECATED_OBJC_IMPLEMENTATIONS = YES;
				CLANG_WARN_DIRECT_OBJC_ISA_USAGE = YES_ERROR;
				CLANG_WARN_DOCUMENTATION_COMMENTS = YES;
				CLANG_WARN_EMPTY_BODY = YES;
				CLANG_WARN_ENUM_CONVERSION = YES;
				CLANG_WARN_INFINITE_RECURSION = YES;
				CLANG_WARN_INT_CONVERSION = YES;
				CLANG_WARN_NON_LITERAL_NULL_CONVERSION = YES;
				CLANG_WARN_OBJC_IMPLICIT_RETAIN_SELF = YES;
				CLANG_WARN_OBJC_LITERAL_CONVERSION = YES;
				CLANG_WARN_OBJC_ROOT_CLASS = YES_ERROR;
				CLANG_WARN_QUOTED_INCLUDE_IN_FRAMEWORK_HEADER = YES;
				CLANG_WARN_RANGE_LOOP_ANALYSIS = YES;
				CLANG_WARN_STRICT_PROTOTYPES = YES;
				CLANG_WARN_SUSPICIOUS_MOVE = YES;
				CLANG_WARN_UNGUARDED_AVAILABILITY = YES_AGGRESSIVE;
				CLANG_WARN_UNREACHABLE_CODE = YES;
				CLANG_WARN__DUPLICATE_METHOD_MATCH = YES;
				COPY_PHASE_STRIP = NO;
				DEBUG_INFORMATION_FORMAT = dwarf;
				ENABLE_STRICT_OBJC_MSGSEND = YES;
				ENABLE_TESTABILITY = YES;
				GCC_C_LANGUAGE_STANDARD = gnu11;
				GCC_DYNAMIC_NO_PIC = NO;
				GCC_NO_COMMON_BLOCKS = YES;
				GCC_OPTIMIZATION_LEVEL = 0;
				GCC_PREPROCESSOR_DEFINITIONS = (
					"DEBUG=1",
					"$(inherited)",
				);
				GCC_WARN_64_TO_32_BIT_CONVERSION = YES;
				GCC_WARN_ABOUT_RETURN_TYPE = YES_ERROR;
				GCC_WARN_UNDECLARED_SELECTOR = YES;
				GCC_WARN_UNINITIALIZED_AUTOS = YES_AGGRESSIVE;
				GCC_WARN_UNUSED_FUNCTION = YES;
				GCC_WARN_UNUSED_VARIABLE = YES;
				IPHONEOS_DEPLOYMENT_TARGET = 14.5;
				MTL_ENABLE_DEBUG_INFO = INCLUDE_SOURCE;
				MTL_FAST_MATH = YES;
				ONLY_ACTIVE_ARCH = YES;
				SDKROOT = iphoneos;
				SWIFT_ACTIVE_COMPILATION_CONDITIONS = DEBUG;
				SWIFT_OPTIMIZATION_LEVEL = "-Onone";
			};
			name = Debug;
		};
		A2EDF4B726A9C4FB001853A0 /* Release */ = {
			isa = XCBuildConfiguration;
			buildSettings = {
				ALWAYS_SEARCH_USER_PATHS = NO;
				CLANG_ANALYZER_NONNULL = YES;
				CLANG_ANALYZER_NUMBER_OBJECT_CONVERSION = YES_AGGRESSIVE;
				CLANG_CXX_LANGUAGE_STANDARD = "gnu++14";
				CLANG_CXX_LIBRARY = "libc++";
				CLANG_ENABLE_MODULES = YES;
				CLANG_ENABLE_OBJC_ARC = YES;
				CLANG_ENABLE_OBJC_WEAK = YES;
				CLANG_WARN_BLOCK_CAPTURE_AUTORELEASING = YES;
				CLANG_WARN_BOOL_CONVERSION = YES;
				CLANG_WARN_COMMA = YES;
				CLANG_WARN_CONSTANT_CONVERSION = YES;
				CLANG_WARN_DEPRECATED_OBJC_IMPLEMENTATIONS = YES;
				CLANG_WARN_DIRECT_OBJC_ISA_USAGE = YES_ERROR;
				CLANG_WARN_DOCUMENTATION_COMMENTS = YES;
				CLANG_WARN_EMPTY_BODY = YES;
				CLANG_WARN_ENUM_CONVERSION = YES;
				CLANG_WARN_INFINITE_RECURSION = YES;
				CLANG_WARN_INT_CONVERSION = YES;
				CLANG_WARN_NON_LITERAL_NULL_CONVERSION = YES;
				CLANG_WARN_OBJC_IMPLICIT_RETAIN_SELF = YES;
				CLANG_WARN_OBJC_LITERAL_CONVERSION = YES;
				CLANG_WARN_OBJC_ROOT_CLASS = YES_ERROR;
				CLANG_WARN_QUOTED_INCLUDE_IN_FRAMEWORK_HEADER = YES;
				CLANG_WARN_RANGE_LOOP_ANALYSIS = YES;
				CLANG_WARN_STRICT_PROTOTYPES = YES;
				CLANG_WARN_SUSPICIOUS_MOVE = YES;
				CLANG_WARN_UNGUARDED_AVAILABILITY = YES_AGGRESSIVE;
				CLANG_WARN_UNREACHABLE_CODE = YES;
				CLANG_WARN__DUPLICATE_METHOD_MATCH = YES;
				COPY_PHASE_STRIP = NO;
				DEBUG_INFORMATION_FORMAT = "dwarf-with-dsym";
				ENABLE_NS_ASSERTIONS = NO;
				ENABLE_STRICT_OBJC_MSGSEND = YES;
				GCC_C_LANGUAGE_STANDARD = gnu11;
				GCC_NO_COMMON_BLOCKS = YES;
				GCC_WARN_64_TO_32_BIT_CONVERSION = YES;
				GCC_WARN_ABOUT_RETURN_TYPE = YES_ERROR;
				GCC_WARN_UNDECLARED_SELECTOR = YES;
				GCC_WARN_UNINITIALIZED_AUTOS = YES_AGGRESSIVE;
				GCC_WARN_UNUSED_FUNCTION = YES;
				GCC_WARN_UNUSED_VARIABLE = YES;
				IPHONEOS_DEPLOYMENT_TARGET = 14.5;
				MTL_ENABLE_DEBUG_INFO = NO;
				MTL_FAST_MATH = YES;
				SDKROOT = iphoneos;
				SWIFT_COMPILATION_MODE = wholemodule;
				SWIFT_OPTIMIZATION_LEVEL = "-O";
				VALIDATE_PRODUCT = YES;
			};
			name = Release;
		};
		A2EDF4B926A9C4FB001853A0 /* Debug */ = {
			isa = XCBuildConfiguration;
			buildSettings = {
				ASSETCATALOG_COMPILER_APPICON_NAME = AppIcon;
				ASSETCATALOG_COMPILER_GLOBAL_ACCENT_COLOR_NAME = AccentColor;
				CODE_SIGN_STYLE = Automatic;
				INFOPLIST_FILE = esteeLauderChallenge/Info.plist;
				LD_RUNPATH_SEARCH_PATHS = (
					"$(inherited)",
					"@executable_path/Frameworks",
				);
				PRODUCT_BUNDLE_IDENTIFIER = "Gayathri-Aravindan.esteeLauderChallenge";
				PRODUCT_NAME = "$(TARGET_NAME)";
				SWIFT_VERSION = 5.0;
				TARGETED_DEVICE_FAMILY = "1,2";
			};
			name = Debug;
		};
		A2EDF4BA26A9C4FB001853A0 /* Release */ = {
			isa = XCBuildConfiguration;
			buildSettings = {
				ASSETCATALOG_COMPILER_APPICON_NAME = AppIcon;
				ASSETCATALOG_COMPILER_GLOBAL_ACCENT_COLOR_NAME = AccentColor;
				CODE_SIGN_STYLE = Automatic;
				INFOPLIST_FILE = esteeLauderChallenge/Info.plist;
				LD_RUNPATH_SEARCH_PATHS = (
					"$(inherited)",
					"@executable_path/Frameworks",
				);
				PRODUCT_BUNDLE_IDENTIFIER = "Gayathri-Aravindan.esteeLauderChallenge";
				PRODUCT_NAME = "$(TARGET_NAME)";
				SWIFT_VERSION = 5.0;
				TARGETED_DEVICE_FAMILY = "1,2";
			};
			name = Release;
		};
		A2EDF4BC26A9C4FB001853A0 /* Debug */ = {
			isa = XCBuildConfiguration;
			buildSettings = {
				ALWAYS_EMBED_SWIFT_STANDARD_LIBRARIES = YES;
				BUNDLE_LOADER = "$(TEST_HOST)";
				CODE_SIGN_STYLE = Automatic;
				INFOPLIST_FILE = esteeLauderChallengeTests/Info.plist;
				IPHONEOS_DEPLOYMENT_TARGET = 14.5;
				LD_RUNPATH_SEARCH_PATHS = (
					"$(inherited)",
					"@executable_path/Frameworks",
					"@loader_path/Frameworks",
				);
				PRODUCT_BUNDLE_IDENTIFIER = "Gayathri-Aravindan.esteeLauderChallengeTests";
				PRODUCT_NAME = "$(TARGET_NAME)";
				SWIFT_VERSION = 5.0;
				TARGETED_DEVICE_FAMILY = "1,2";
				TEST_HOST = "$(BUILT_PRODUCTS_DIR)/esteeLauderChallenge.app/esteeLauderChallenge";
			};
			name = Debug;
		};
		A2EDF4BD26A9C4FB001853A0 /* Release */ = {
			isa = XCBuildConfiguration;
			buildSettings = {
				ALWAYS_EMBED_SWIFT_STANDARD_LIBRARIES = YES;
				BUNDLE_LOADER = "$(TEST_HOST)";
				CODE_SIGN_STYLE = Automatic;
				INFOPLIST_FILE = esteeLauderChallengeTests/Info.plist;
				IPHONEOS_DEPLOYMENT_TARGET = 14.5;
				LD_RUNPATH_SEARCH_PATHS = (
					"$(inherited)",
					"@executable_path/Frameworks",
					"@loader_path/Frameworks",
				);
				PRODUCT_BUNDLE_IDENTIFIER = "Gayathri-Aravindan.esteeLauderChallengeTests";
				PRODUCT_NAME = "$(TARGET_NAME)";
				SWIFT_VERSION = 5.0;
				TARGETED_DEVICE_FAMILY = "1,2";
				TEST_HOST = "$(BUILT_PRODUCTS_DIR)/esteeLauderChallenge.app/esteeLauderChallenge";
			};
			name = Release;
		};
		A2EDF4BF26A9C4FB001853A0 /* Debug */ = {
			isa = XCBuildConfiguration;
			buildSettings = {
				ALWAYS_EMBED_SWIFT_STANDARD_LIBRARIES = YES;
				CODE_SIGN_STYLE = Automatic;
				INFOPLIST_FILE = esteeLauderChallengeUITests/Info.plist;
				LD_RUNPATH_SEARCH_PATHS = (
					"$(inherited)",
					"@executable_path/Frameworks",
					"@loader_path/Frameworks",
				);
				PRODUCT_BUNDLE_IDENTIFIER = "Gayathri-Aravindan.esteeLauderChallengeUITests";
				PRODUCT_NAME = "$(TARGET_NAME)";
				SWIFT_VERSION = 5.0;
				TARGETED_DEVICE_FAMILY = "1,2";
				TEST_TARGET_NAME = esteeLauderChallenge;
			};
			name = Debug;
		};
		A2EDF4C026A9C4FB001853A0 /* Release */ = {
			isa = XCBuildConfiguration;
			buildSettings = {
				ALWAYS_EMBED_SWIFT_STANDARD_LIBRARIES = YES;
				CODE_SIGN_STYLE = Automatic;
				INFOPLIST_FILE = esteeLauderChallengeUITests/Info.plist;
				LD_RUNPATH_SEARCH_PATHS = (
					"$(inherited)",
					"@executable_path/Frameworks",
					"@loader_path/Frameworks",
				);
				PRODUCT_BUNDLE_IDENTIFIER = "Gayathri-Aravindan.esteeLauderChallengeUITests";
				PRODUCT_NAME = "$(TARGET_NAME)";
				SWIFT_VERSION = 5.0;
				TARGETED_DEVICE_FAMILY = "1,2";
				TEST_TARGET_NAME = esteeLauderChallenge;
			};
			name = Release;
		};
/* End XCBuildConfiguration section */

/* Begin XCConfigurationList section */
		A2EDF48626A9C4F5001853A0 /* Build configuration list for PBXProject "esteeLauderChallenge" */ = {
			isa = XCConfigurationList;
			buildConfigurations = (
				A2EDF4B626A9C4FB001853A0 /* Debug */,
				A2EDF4B726A9C4FB001853A0 /* Release */,
			);
			defaultConfigurationIsVisible = 0;
			defaultConfigurationName = Release;
		};
		A2EDF4B826A9C4FB001853A0 /* Build configuration list for PBXNativeTarget "esteeLauderChallenge" */ = {
			isa = XCConfigurationList;
			buildConfigurations = (
				A2EDF4B926A9C4FB001853A0 /* Debug */,
				A2EDF4BA26A9C4FB001853A0 /* Release */,
			);
			defaultConfigurationIsVisible = 0;
			defaultConfigurationName = Release;
		};
		A2EDF4BB26A9C4FB001853A0 /* Build configuration list for PBXNativeTarget "esteeLauderChallengeTests" */ = {
			isa = XCConfigurationList;
			buildConfigurations = (
				A2EDF4BC26A9C4FB001853A0 /* Debug */,
				A2EDF4BD26A9C4FB001853A0 /* Release */,
			);
			defaultConfigurationIsVisible = 0;
			defaultConfigurationName = Release;
		};
		A2EDF4BE26A9C4FB001853A0 /* Build configuration list for PBXNativeTarget "esteeLauderChallengeUITests" */ = {
			isa = XCConfigurationList;
			buildConfigurations = (
				A2EDF4BF26A9C4FB001853A0 /* Debug */,
				A2EDF4C026A9C4FB001853A0 /* Release */,
			);
			defaultConfigurationIsVisible = 0;
			defaultConfigurationName = Release;
		};
/* End XCConfigurationList section */

/* Begin XCVersionGroup section */
		A2EDF49726A9C4F5001853A0 /* esteeLauderChallenge.xcdatamodeld */ = {
			isa = XCVersionGroup;
			children = (
				A2EDF49826A9C4F5001853A0 /* esteeLauderChallenge.xcdatamodel */,
			);
			currentVersion = A2EDF49826A9C4F5001853A0 /* esteeLauderChallenge.xcdatamodel */;
			path = esteeLauderChallenge.xcdatamodeld;
			sourceTree = "<group>";
			versionGroupType = wrapper.xcdatamodel;
		};
/* End XCVersionGroup section */
	};
	rootObject = A2EDF48326A9C4F5001853A0 /* Project object */;
}
